# @generated by Move, please check-in and do not edit manually.

[move]
version = 0

dependencies = [
  { name = "Sui" },
  { name = "admin" },
  { name = "esluck" },
  { name = "llp" },
  { name = "luck" },
  { name = "token" },
  { name = "utils" },
  { name = "xluck" },
]

[[move.package]]
name = "MoveStdlib"
source = { git = "https://github.com/MystenLabs/sui.git", rev = "mainnet", subdir = "crates/sui-framework/packages/move-stdlib" }

[[move.package]]
name = "Sui"
source = { git = "https://github.com/MystenLabs/sui.git", rev = "mainnet", subdir = "crates/sui-framework/packages/sui-framework" }

dependencies = [
  { name = "MoveStdlib" },
]

[[move.package]]
name = "admin"
source = { local = "../admin" }

dependencies = [
  { name = "Sui" },
]

[[move.package]]
name = "esluck"
source = { local = "../esluck" }

dependencies = [
  { name = "Sui" },
  { name = "token" },
]

[[move.package]]
name = "llp"
source = { local = "../llp" }

dependencies = [
  { name = "Sui" },
]

[[move.package]]
name = "luck"
source = { local = "../luck" }

dependencies = [
  { name = "Sui" },
]

[[move.package]]
name = "token"
source = { local = "../token" }

dependencies = [
  { name = "Sui" },
]

[[move.package]]
name = "utils"
source = { local = "../utils" }

dependencies = [
  { name = "Sui" },
]

[[move.package]]
name = "xluck"
source = { local = "../xluck" }

dependencies = [
  { name = "Sui" },
  { name = "token" },
]
